
Microsoft Visual Studio Solution File, Format Version 10.00
# Visual Studio 2008
Project("{FAE04EC0-301F-11D3-BF4B-00C04F79EFBC}") = "Relax", "Relax\Relax.csproj", "{783A1A3D-CDB4-4121-9655-AA34516331A2}"
	ProjectSection(ProjectDependencies) = postProject
		{B153BEDB-EA89-447E-A4DB-6993ED6143D1} = {B153BEDB-EA89-447E-A4DB-6993ED6143D1}
	EndProjectSection
EndProject
Project("{FAE04EC0-301F-11D3-BF4B-00C04F79EFBC}") = "Relax.Infrastructure", "Relax.Infrastructure\Relax.Infrastructure.csproj", "{893AD8AB-D318-4690-8B24-EE1D6FE254F9}"
EndProject
Project("{FAE04EC0-301F-11D3-BF4B-00C04F79EFBC}") = "Relax.FileBackingStore", "Relax.FileBackingStore\Relax.FileBackingStore.csproj", "{3E1C299C-EA0F-478A-AA71-D5ABD44939C0}"
EndProject
Project("{2150E333-8FDC-42A3-9474-1A3956D46DE8}") = "UnitTests", "UnitTests", "{E0C009B9-6755-4214-BD50-50D9D249A0A3}"
EndProject
Project("{FAE04EC0-301F-11D3-BF4B-00C04F79EFBC}") = "Relax.FileBackingStore.Tests", "UnitTests\Relax.FileBackingStore.Tests\Relax.FileBackingStore.Tests.csproj", "{C50CA0F6-65CA-42BB-8117-153F97238730}"
EndProject
Project("{FAE04EC0-301F-11D3-BF4B-00C04F79EFBC}") = "Relax.Tests", "UnitTests\Relax.Tests\Relax.Tests.csproj", "{CD7E2A10-C842-49C8-A798-ABA0063029C0}"
EndProject
Project("{FAE04EC0-301F-11D3-BF4B-00C04F79EFBC}") = "Relax.Infrastructure.Tests", "UnitTests\Relax.Infrastructure.Tests\Relax.Infrastructure.Tests.csproj", "{57326A37-8861-455D-A73F-238BC660D9F8}"
EndProject
Project("{2150E333-8FDC-42A3-9474-1A3956D46DE8}") = "Library", "Library", "{8D8C1FF8-4397-48EA-97BF-973ED739DD1F}"
EndProject
Project("{2150E333-8FDC-42A3-9474-1A3956D46DE8}") = "Caliburn", "Caliburn", "{CFE4724E-D000-4496-8C65-8385878996CC}"
EndProject
Project("{FAE04EC0-301F-11D3-BF4B-00C04F79EFBC}") = "Caliburn.Autofac", "Library\Caliburn\src\Caliburn.Autofac\Caliburn.Autofac.csproj", "{AFBDDB74-139F-4C7D-AC94-99C5173F76C7}"
EndProject
Project("{FAE04EC0-301F-11D3-BF4B-00C04F79EFBC}") = "Caliburn.Core", "Library\Caliburn\src\Caliburn.Core\Caliburn.Core.csproj", "{D7357C4C-BFFF-4EE4-8D40-0803FAAFF38A}"
EndProject
Project("{FAE04EC0-301F-11D3-BF4B-00C04F79EFBC}") = "Caliburn.MEF", "Library\Caliburn\src\Caliburn.MEF\Caliburn.MEF.csproj", "{F350C4CB-48AE-4A1F-9BAE-C836D6C7C0E4}"
EndProject
Project("{FAE04EC0-301F-11D3-BF4B-00C04F79EFBC}") = "Caliburn.PresentationFramework", "Library\Caliburn\src\Caliburn.PresentationFramework\Caliburn.PresentationFramework.csproj", "{4B343291-DB03-4ADA-96CD-3CFFA3C838D7}"
EndProject
Project("{FAE04EC0-301F-11D3-BF4B-00C04F79EFBC}") = "Caliburn.Testability", "Library\Caliburn\src\Caliburn.Testability\Caliburn.Testability.csproj", "{88B9DA1A-E26F-423F-A051-77CF03A62077}"
EndProject
Project("{FAE04EC0-301F-11D3-BF4B-00C04F79EFBC}") = "Caliburn.ModelFramework", "Library\Caliburn\src\Caliburn.ModelFramework\Caliburn.ModelFramework.csproj", "{79504818-6612-414D-BBF4-F8F0BB7ABBDC}"
EndProject
Project("{2150E333-8FDC-42A3-9474-1A3956D46DE8}") = "MEF", "MEF", "{56B9A83A-61EF-43D2-B666-FB08DDB7A2EC}"
EndProject
Project("{FAE04EC0-301F-11D3-BF4B-00C04F79EFBC}") = "ComponentModel", "Library\MEF\src\ComponentModel\ComponentModel.csproj", "{A36AEF66-2411-4225-B68E-F2D29368A31B}"
EndProject
Project("{FAE04EC0-301F-11D3-BF4B-00C04F79EFBC}") = "Relax.Domain", "Relax.Domain\Relax.Domain.csproj", "{B153BEDB-EA89-447E-A4DB-6993ED6143D1}"
EndProject
Project("{FAE04EC0-301F-11D3-BF4B-00C04F79EFBC}") = "Relax.Domain.Tests", "UnitTests\Relax.Domain.Tests\Relax.Domain.Tests.csproj", "{E3B962DD-8848-4482-A2F7-258FA495A896}"
EndProject
Global
	GlobalSection(SolutionConfigurationPlatforms) = preSolution
		Debug|Any CPU = Debug|Any CPU
		Release|Any CPU = Release|Any CPU
	EndGlobalSection
	GlobalSection(ProjectConfigurationPlatforms) = postSolution
		{783A1A3D-CDB4-4121-9655-AA34516331A2}.Debug|Any CPU.ActiveCfg = Debug|Any CPU
		{783A1A3D-CDB4-4121-9655-AA34516331A2}.Debug|Any CPU.Build.0 = Debug|Any CPU
		{783A1A3D-CDB4-4121-9655-AA34516331A2}.Release|Any CPU.ActiveCfg = Release|Any CPU
		{783A1A3D-CDB4-4121-9655-AA34516331A2}.Release|Any CPU.Build.0 = Release|Any CPU
		{893AD8AB-D318-4690-8B24-EE1D6FE254F9}.Debug|Any CPU.ActiveCfg = Debug|Any CPU
		{893AD8AB-D318-4690-8B24-EE1D6FE254F9}.Debug|Any CPU.Build.0 = Debug|Any CPU
		{893AD8AB-D318-4690-8B24-EE1D6FE254F9}.Release|Any CPU.ActiveCfg = Release|Any CPU
		{893AD8AB-D318-4690-8B24-EE1D6FE254F9}.Release|Any CPU.Build.0 = Release|Any CPU
		{3E1C299C-EA0F-478A-AA71-D5ABD44939C0}.Debug|Any CPU.ActiveCfg = Debug|Any CPU
		{3E1C299C-EA0F-478A-AA71-D5ABD44939C0}.Debug|Any CPU.Build.0 = Debug|Any CPU
		{3E1C299C-EA0F-478A-AA71-D5ABD44939C0}.Release|Any CPU.ActiveCfg = Release|Any CPU
		{3E1C299C-EA0F-478A-AA71-D5ABD44939C0}.Release|Any CPU.Build.0 = Release|Any CPU
		{C50CA0F6-65CA-42BB-8117-153F97238730}.Debug|Any CPU.ActiveCfg = Debug|Any CPU
		{C50CA0F6-65CA-42BB-8117-153F97238730}.Debug|Any CPU.Build.0 = Debug|Any CPU
		{C50CA0F6-65CA-42BB-8117-153F97238730}.Release|Any CPU.ActiveCfg = Release|Any CPU
		{C50CA0F6-65CA-42BB-8117-153F97238730}.Release|Any CPU.Build.0 = Release|Any CPU
		{CD7E2A10-C842-49C8-A798-ABA0063029C0}.Debug|Any CPU.ActiveCfg = Debug|Any CPU
		{CD7E2A10-C842-49C8-A798-ABA0063029C0}.Debug|Any CPU.Build.0 = Debug|Any CPU
		{CD7E2A10-C842-49C8-A798-ABA0063029C0}.Release|Any CPU.ActiveCfg = Release|Any CPU
		{CD7E2A10-C842-49C8-A798-ABA0063029C0}.Release|Any CPU.Build.0 = Release|Any CPU
		{57326A37-8861-455D-A73F-238BC660D9F8}.Debug|Any CPU.ActiveCfg = Debug|Any CPU
		{57326A37-8861-455D-A73F-238BC660D9F8}.Debug|Any CPU.Build.0 = Debug|Any CPU
		{57326A37-8861-455D-A73F-238BC660D9F8}.Release|Any CPU.ActiveCfg = Release|Any CPU
		{57326A37-8861-455D-A73F-238BC660D9F8}.Release|Any CPU.Build.0 = Release|Any CPU
		{AFBDDB74-139F-4C7D-AC94-99C5173F76C7}.Debug|Any CPU.ActiveCfg = Debug|Any CPU
		{AFBDDB74-139F-4C7D-AC94-99C5173F76C7}.Debug|Any CPU.Build.0 = Debug|Any CPU
		{AFBDDB74-139F-4C7D-AC94-99C5173F76C7}.Release|Any CPU.ActiveCfg = Release|Any CPU
		{AFBDDB74-139F-4C7D-AC94-99C5173F76C7}.Release|Any CPU.Build.0 = Release|Any CPU
		{D7357C4C-BFFF-4EE4-8D40-0803FAAFF38A}.Debug|Any CPU.ActiveCfg = Debug|Any CPU
		{D7357C4C-BFFF-4EE4-8D40-0803FAAFF38A}.Debug|Any CPU.Build.0 = Debug|Any CPU
		{D7357C4C-BFFF-4EE4-8D40-0803FAAFF38A}.Release|Any CPU.ActiveCfg = Release|Any CPU
		{D7357C4C-BFFF-4EE4-8D40-0803FAAFF38A}.Release|Any CPU.Build.0 = Release|Any CPU
		{F350C4CB-48AE-4A1F-9BAE-C836D6C7C0E4}.Debug|Any CPU.ActiveCfg = Debug|Any CPU
		{F350C4CB-48AE-4A1F-9BAE-C836D6C7C0E4}.Debug|Any CPU.Build.0 = Debug|Any CPU
		{F350C4CB-48AE-4A1F-9BAE-C836D6C7C0E4}.Release|Any CPU.ActiveCfg = Release|Any CPU
		{F350C4CB-48AE-4A1F-9BAE-C836D6C7C0E4}.Release|Any CPU.Build.0 = Release|Any CPU
		{4B343291-DB03-4ADA-96CD-3CFFA3C838D7}.Debug|Any CPU.ActiveCfg = Debug|Any CPU
		{4B343291-DB03-4ADA-96CD-3CFFA3C838D7}.Debug|Any CPU.Build.0 = Debug|Any CPU
		{4B343291-DB03-4ADA-96CD-3CFFA3C838D7}.Release|Any CPU.ActiveCfg = Release|Any CPU
		{4B343291-DB03-4ADA-96CD-3CFFA3C838D7}.Release|Any CPU.Build.0 = Release|Any CPU
		{88B9DA1A-E26F-423F-A051-77CF03A62077}.Debug|Any CPU.ActiveCfg = Debug|Any CPU
		{88B9DA1A-E26F-423F-A051-77CF03A62077}.Debug|Any CPU.Build.0 = Debug|Any CPU
		{88B9DA1A-E26F-423F-A051-77CF03A62077}.Release|Any CPU.ActiveCfg = Release|Any CPU
		{88B9DA1A-E26F-423F-A051-77CF03A62077}.Release|Any CPU.Build.0 = Release|Any CPU
		{79504818-6612-414D-BBF4-F8F0BB7ABBDC}.Debug|Any CPU.ActiveCfg = Debug|Any CPU
		{79504818-6612-414D-BBF4-F8F0BB7ABBDC}.Debug|Any CPU.Build.0 = Debug|Any CPU
		{79504818-6612-414D-BBF4-F8F0BB7ABBDC}.Release|Any CPU.ActiveCfg = Release|Any CPU
		{79504818-6612-414D-BBF4-F8F0BB7ABBDC}.Release|Any CPU.Build.0 = Release|Any CPU
		{A36AEF66-2411-4225-B68E-F2D29368A31B}.Debug|Any CPU.ActiveCfg = Debug|Any CPU
		{A36AEF66-2411-4225-B68E-F2D29368A31B}.Debug|Any CPU.Build.0 = Debug|Any CPU
		{A36AEF66-2411-4225-B68E-F2D29368A31B}.Release|Any CPU.ActiveCfg = Release|Any CPU
		{A36AEF66-2411-4225-B68E-F2D29368A31B}.Release|Any CPU.Build.0 = Release|Any CPU
		{B153BEDB-EA89-447E-A4DB-6993ED6143D1}.Debug|Any CPU.ActiveCfg = Debug|Any CPU
		{B153BEDB-EA89-447E-A4DB-6993ED6143D1}.Debug|Any CPU.Build.0 = Debug|Any CPU
		{B153BEDB-EA89-447E-A4DB-6993ED6143D1}.Release|Any CPU.ActiveCfg = Release|Any CPU
		{B153BEDB-EA89-447E-A4DB-6993ED6143D1}.Release|Any CPU.Build.0 = Release|Any CPU
		{E3B962DD-8848-4482-A2F7-258FA495A896}.Debug|Any CPU.ActiveCfg = Debug|Any CPU
		{E3B962DD-8848-4482-A2F7-258FA495A896}.Debug|Any CPU.Build.0 = Debug|Any CPU
		{E3B962DD-8848-4482-A2F7-258FA495A896}.Release|Any CPU.ActiveCfg = Release|Any CPU
		{E3B962DD-8848-4482-A2F7-258FA495A896}.Release|Any CPU.Build.0 = Release|Any CPU
	EndGlobalSection
	GlobalSection(SolutionProperties) = preSolution
		HideSolutionNode = FALSE
	EndGlobalSection
	GlobalSection(NestedProjects) = preSolution
		{C50CA0F6-65CA-42BB-8117-153F97238730} = {E0C009B9-6755-4214-BD50-50D9D249A0A3}
		{CD7E2A10-C842-49C8-A798-ABA0063029C0} = {E0C009B9-6755-4214-BD50-50D9D249A0A3}
		{57326A37-8861-455D-A73F-238BC660D9F8} = {E0C009B9-6755-4214-BD50-50D9D249A0A3}
		{E3B962DD-8848-4482-A2F7-258FA495A896} = {E0C009B9-6755-4214-BD50-50D9D249A0A3}
		{CFE4724E-D000-4496-8C65-8385878996CC} = {8D8C1FF8-4397-48EA-97BF-973ED739DD1F}
		{56B9A83A-61EF-43D2-B666-FB08DDB7A2EC} = {8D8C1FF8-4397-48EA-97BF-973ED739DD1F}
		{AFBDDB74-139F-4C7D-AC94-99C5173F76C7} = {CFE4724E-D000-4496-8C65-8385878996CC}
		{D7357C4C-BFFF-4EE4-8D40-0803FAAFF38A} = {CFE4724E-D000-4496-8C65-8385878996CC}
		{F350C4CB-48AE-4A1F-9BAE-C836D6C7C0E4} = {CFE4724E-D000-4496-8C65-8385878996CC}
		{4B343291-DB03-4ADA-96CD-3CFFA3C838D7} = {CFE4724E-D000-4496-8C65-8385878996CC}
		{88B9DA1A-E26F-423F-A051-77CF03A62077} = {CFE4724E-D000-4496-8C65-8385878996CC}
		{79504818-6612-414D-BBF4-F8F0BB7ABBDC} = {CFE4724E-D000-4496-8C65-8385878996CC}
		{A36AEF66-2411-4225-B68E-F2D29368A31B} = {56B9A83A-61EF-43D2-B666-FB08DDB7A2EC}
	EndGlobalSection
EndGlobal
